
Microsoft Visual Studio Solution File, Format Version 12.00
# Visual Studio 15
VisualStudioVersion = 15.0.28307.902
MinimumVisualStudioVersion = 10.0.40219.1
Project("{FAE04EC0-301F-11D3-BF4B-00C04F79EFBC}") = "MVC-ActionLink-DiplomadoUASD", "MVC-ActionLink-DiplomadoUASD\MVC-ActionLink-DiplomadoUASD.csproj", "{48726DE8-4A22-4E62-9E39-27D60662A579}"
EndProject
Global
	GlobalSection(SolutionConfigurationPlatforms) = preSolution
		Debug|Any CPU = Debug|Any CPU
		Release|Any CPU = Release|Any CPU
	EndGlobalSection
	GlobalSection(ProjectConfigurationPlatforms) = postSolution
		{48726DE8-4A22-4E62-9E39-27D60662A579}.Debug|Any CPU.ActiveCfg = Debug|Any CPU
		{48726DE8-4A22-4E62-9E39-27D60662A579}.Debug|Any CPU.Build.0 = Debug|Any CPU
		{48726DE8-4A22-4E62-9E39-27D60662A579}.Release|Any CPU.ActiveCfg = Release|Any CPU
		{48726DE8-4A22-4E62-9E39-27D60662A579}.Release|Any CPU.Build.0 = Release|Any CPU
	EndGlobalSection
	GlobalSection(SolutionProperties) = preSolution
		HideSolutionNode = FALSE
	EndGlobalSection
	GlobalSection(ExtensibilityGlobals) = postSolution
		SolutionGuid = {A1BBA931-5BB4-4720-BC79-8F3C201F2DA6}
	EndGlobalSection
EndGlobal
